{
  "version": 4,
  "terraform_version": "1.16.1",
  "serial": 3,
  "lineage": "93763af5-f2b9-bb0c-8741-98a46b152725",
  "outputs": {},
  "resources": [
    {
      "mode": "managed",
      "type": "github_repository",
      "name": "workshop_sample",
      "provider": "provider[\"registry.terraform.io/integrations/github\"]",
      "instances": [
        {
          "schema_version": 1,
          "attributes": {
            "allow_auto_merge": false,
            "allow_forking": true,
            "allow_merge_commit": true,
            "allow_rebase_merge": true,
            "allow_squash_merge": true,
            "allow_update_branch": false,
            "archive_on_destroy": null,
            "archived": false,
            "auto_init": null,
            "default_branch": "main",
            "delete_branch_on_merge": false,
            "description": "A sample workshop repository",
            "etag": "W/\"5a0e85671cf139e6888e19f6dda450c5baf1cfb71893392056363431dbdb723d\"",
            "fork": "false",
            "full_name": "sraisl/dod2026-tf-managed",
            "git_clone_url": "git://github.com/sraisl/dod2026-tf-managed.git",
            "gitignore_template": null,
            "has_discussions": false,
            "has_downloads": false,
            "has_issues": false,
            "has_projects": false,
            "has_wiki": false,
            "homepage_url": "",
            "html_url": "https://github.com/sraisl/dod2026-tf-managed",
            "http_clone_url": "https://github.com/sraisl/dod2026-tf-managed.git",
            "id": "dod2026-tf-managed",
            "ignore_vulnerability_alerts_during_read": false,
            "is_template": false,
            "license_template": null,
            "merge_commit_message": "PR_TITLE",
            "merge_commit_title": "MERGE_MESSAGE",
            "name": "dod2026-tf-managed",
            "node_id": "R_kgDOUOSRdg",
            "pages": [],
            "primary_language": "",
            "private": false,
            "repo_id": 1357156726,
            "security_and_analysis": [
              {
                "advanced_security": [],
                "code_security": [],
                "secret_scanning": [
                  {
                    "status": "enabled"
                  }
                ],
                "secret_scanning_ai_detection": [],
                "secret_scanning_non_provider_patterns": [],
                "secret_scanning_push_protection": [
                  {
                    "status": "enabled"
                  }
                ]
              }
            ],
            "source_owner": "",
            "source_repo": "",
            "squash_merge_commit_message": "COMMIT_MESSAGES",
            "squash_merge_commit_title": "COMMIT_OR_PR_TITLE",
            "ssh_clone_url": "git@github.com:sraisl/dod2026-tf-managed.git",
            "svn_url": "https://github.com/sraisl/dod2026-tf-managed",
            "template": [],
            "topics": [],
            "visibility": "public",
            "vulnerability_alerts": false,
            "web_commit_signoff_required": false
          },
          "sensitive_attributes": [],
          "identity_schema_version": 0,
          "private": "eyJzY2hlbWFfdmVyc2lvbiI6IjEifQ=="
        }
      ]
    }
  ],
  "check_results": null
}
